Microsoft Visual Studio Solution File, Format Version 12.00
# Visual Studio Version 17
VisualStudioVersion = 17.0.31903.59
MinimumVisualStudioVersion = 10.0.40219.1
Project("{FAE04EC0-301F-11D3-BF4B-00C04F79EFBC}") = "Core", "Core\Core.csproj", "{EF01F821-E8A6-4447-920F-C9934B8F32C3}"
EndProject
Project("{FAE04EC0-301F-11D3-BF4B-00C04F79EFBC}") = "Infrastructure", "Infrastructure\Infrastructure.csproj", "{DC91FA4E-7C1C-4B9F-AF09-7D26C59E3F34}"
EndProject
Project("{FAE04EC0-301F-11D3-BF4B-00C04F79EFBC}") = "Web", "Web\Web\Web.csproj", "{12D4C82A-C68C-47E5-A8F8-C5EB2764B29E}"
EndProject
Global
	GlobalSection(SolutionConfigurationPlatforms) = preSolution
		Debug|Any CPU = Debug|Any CPU
		Release|Any CPU = Release|Any CPU
	EndGlobalSection
	GlobalSection(ProjectConfigurationPlatforms) = postSolution
		{EF01F821-E8A6-4447-920F-C9934B8F32C3}.Debug|Any CPU.ActiveCfg = Debug|Any CPU
		{EF01F821-E8A6-4447-920F-C9934B8F32C3}.Debug|Any CPU.Build.0 = Debug|Any CPU
		{EF01F821-E8A6-4447-920F-C9934B8F32C3}.Release|Any CPU.ActiveCfg = Release|Any CPU
		{EF01F821-E8A6-4447-920F-C9934B8F32C3}.Release|Any CPU.Build.0 = Release|Any CPU
		{DC91FA4E-7C1C-4B9F-AF09-7D26C59E3F34}.Debug|Any CPU.ActiveCfg = Debug|Any CPU
		{DC91FA4E-7C1C-4B9F-AF09-7D26C59E3F34}.Debug|Any CPU.Build.0 = Debug|Any CPU
		{DC91FA4E-7C1C-4B9F-AF09-7D26C59E3F34}.Release|Any CPU.ActiveCfg = Release|Any CPU
		{DC91FA4E-7C1C-4B9F-AF09-7D26C59E3F34}.Release|Any CPU.Build.0 = Release|Any CPU
		{12D4C82A-C68C-47E5-A8F8-C5EB2764B29E}.Debug|Any CPU.ActiveCfg = Debug|Any CPU
		{12D4C82A-C68C-47E5-A8F8-C5EB2764B29E}.Debug|Any CPU.Build.0 = Debug|Any CPU
		{12D4C82A-C68C-47E5-A8F8-C5EB2764B29E}.Release|Any CPU.ActiveCfg = Release|Any CPU
		{12D4C82A-C68C-47E5-A8F8-C5EB2764B29E}.Release|Any CPU.Build.0 = Release|Any CPU
	EndGlobalSection
EndGlobal
